
Microsoft Visual Studio Solution File, Format Version 12.00
Project("{FAE04EC0-301F-11D3-BF4B-00C04F79EFBC}") = "Experiments", "Experiments\Experiments.csproj", "{DBDBF916-317E-452D-91DA-023D31D639D7}"
EndProject
Project("{FAE04EC0-301F-11D3-BF4B-00C04F79EFBC}") = "Experiments.Tests", "Experiments.Tests\Experiments.Tests.csproj", "{681B5923-9699-4C2D-932B-466A9347B8E5}"
EndProject
Global
	GlobalSection(SolutionConfigurationPlatforms) = preSolution
		Debug|Any CPU = Debug|Any CPU
		Release|Any CPU = Release|Any CPU
	EndGlobalSection
	GlobalSection(ProjectConfigurationPlatforms) = postSolution
		{DBDBF916-317E-452D-91DA-023D31D639D7}.Debug|Any CPU.ActiveCfg = Debug|Any CPU
		{DBDBF916-317E-452D-91DA-023D31D639D7}.Debug|Any CPU.Build.0 = Debug|Any CPU
		{DBDBF916-317E-452D-91DA-023D31D639D7}.Release|Any CPU.ActiveCfg = Release|Any CPU
		{DBDBF916-317E-452D-91DA-023D31D639D7}.Release|Any CPU.Build.0 = Release|Any CPU
		{681B5923-9699-4C2D-932B-466A9347B8E5}.Debug|Any CPU.ActiveCfg = Debug|Any CPU
		{681B5923-9699-4C2D-932B-466A9347B8E5}.Debug|Any CPU.Build.0 = Debug|Any CPU
		{681B5923-9699-4C2D-932B-466A9347B8E5}.Release|Any CPU.ActiveCfg = Release|Any CPU
		{681B5923-9699-4C2D-932B-466A9347B8E5}.Release|Any CPU.Build.0 = Release|Any CPU
	EndGlobalSection
EndGlobal
